# This file is automatically @generated by Cargo.
# It is not intended for manual editing.
version = 4

[[package]]
name = "blob"
version = "0.1.0"

[[package]]
name = "boot-uefi"
version = "0.1.0"
dependencies = [
 "kernel-core",
]

[[package]]
name = "kernel-aarch64"
version = "0.1.0"
dependencies = [
 "boot-uefi",
 "kernel-core",
]

[[package]]
name = "kernel-core"
version = "0.1.0"

[[package]]
name = "kernel-x86_64"
version = "0.1.0"
dependencies = [
 "boot-uefi",
 "kernel-core",
]
